
Microsoft Visual Studio Solution File, Format Version 11.00
# Visual Studio 2010
Project("{FAE04EC0-301F-11D3-BF4B-00C04F79EFBC}") = "Assembly-CSharp", "Assembly-CSharp.csproj", "{66EAAC51-6660-6D84-8440-B992CD116F37}"
EndProject
Global
	GlobalSection(SolutionConfigurationPlatforms) = preSolution
		Debug|Any CPU = Debug|Any CPU
		Release|Any CPU = Release|Any CPU
	EndGlobalSection
	GlobalSection(ProjectConfigurationPlatforms) = postSolution
		{66EAAC51-6660-6D84-8440-B992CD116F37}.Debug|Any CPU.ActiveCfg = Debug|Any CPU
		{66EAAC51-6660-6D84-8440-B992CD116F37}.Debug|Any CPU.Build.0 = Debug|Any CPU
		{66EAAC51-6660-6D84-8440-B992CD116F37}.Release|Any CPU.ActiveCfg = Release|Any CPU
		{66EAAC51-6660-6D84-8440-B992CD116F37}.Release|Any CPU.Build.0 = Release|Any CPU
	EndGlobalSection
	GlobalSection(SolutionProperties) = preSolution
		HideSolutionNode = FALSE
	EndGlobalSection
EndGlobal
